
Microsoft Visual Studio Solution File, Format Version 12.00
# Visual Studio Version 17
VisualStudioVersion = 17.11.35312.102
MinimumVisualStudioVersion = 10.0.40219.1
Project("{FAE04EC0-301F-11D3-BF4B-00C04F79EFBC}") = "DesignsAndExceptions", "DesignsAndExceptions\DesignsAndExceptions.csproj", "{B49416B3-B670-4CA0-80A0-18564FD760CE}"
EndProject
Global
	GlobalSection(SolutionConfigurationPlatforms) = preSolution
		Debug|Any CPU = Debug|Any CPU
		Release|Any CPU = Release|Any CPU
	EndGlobalSection
	GlobalSection(ProjectConfigurationPlatforms) = postSolution
		{B49416B3-B670-4CA0-80A0-18564FD760CE}.Debug|Any CPU.ActiveCfg = Debug|Any CPU
		{B49416B3-B670-4CA0-80A0-18564FD760CE}.Debug|Any CPU.Build.0 = Debug|Any CPU
		{B49416B3-B670-4CA0-80A0-18564FD760CE}.Release|Any CPU.ActiveCfg = Release|Any CPU
		{B49416B3-B670-4CA0-80A0-18564FD760CE}.Release|Any CPU.Build.0 = Release|Any CPU
	EndGlobalSection
	GlobalSection(SolutionProperties) = preSolution
		HideSolutionNode = FALSE
	EndGlobalSection
	GlobalSection(ExtensibilityGlobals) = postSolution
		SolutionGuid = {CC834830-5202-4A58-935D-F38D6B0682AC}
	EndGlobalSection
EndGlobal
